version = 1
revision = 3
requires-python = ">=3.6"
resolution-markers = [
    "python_full_version >= '3.9'",
    "python_full_version == '3.8.*'",
    "python_full_version == '3.7.*'",
    "python_full_version < '3.7'",
]

[[package]]
name = "adafruit-blinka"
version = "6.15.0"
source = { registry = "https://pypi.org/simple" }
resolution-markers = [
    "python_full_version < '3.7'",
]
dependencies = [
    { name = "adafruit-platformdetect" },
    { name = "adafruit-pureio" },
    { name = "pyftdi", version = "0.53.3", source = { registry = "https://pypi.org/simple" } },
]
sdist = { url = "https://files.pythonhosted.org/packages/c9/e1/0d7ec71a9c7b246a47e5dfc128ade92c8287d96a829663661c9be12681f8/Adafruit-Blinka-6.15.0.tar.gz", hash = "sha256:2df80c4cbcd17a8b625e21216bfd0f05b344e20f37080c0893416085a62971d9", size = 151173, upload-time = "2021-10-14T17:17:03.076Z" }

[[package]]
name = "adafruit-blinka"
version = "9.1.0"
source = { registry = "https://pypi.org/simple" }
resolution-markers = [
    "python_full_version >= '3.9'",
    "python_full_version == '3.8.*'",
    "python_full_version == '3.7.*'",
]
dependencies = [
    { name = "adafruit-circuitpython-typing", version = "1.10.1", source = { registry = "https://pypi.org/simple" }, marker = "python_full_version < '3.8'" },
    { name = "adafruit-circuitpython-typing", version = "1.12.3", source = { registry = "https://pypi.org/simple" }, marker = "python_full_version >= '3.8'" },
    { name = "adafruit-platformdetect" },
    { name = "adafruit-pureio" },
    { name = "binho-host-adapter" },
    { name = "pyftdi", version = "0.54.0", source = { registry = "https://pypi.org/simple" }, marker = "python_full_version < '3.8'" },
    { name = "pyftdi", version = "0.55.4", source = { registry = "https://pypi.org/simple" }, marker = "python_full_version == '3.8.*'" },
    { name = "pyftdi", version = "0.57.2", source = { registry = "https://pypi.org/simple" }, marker = "python_full_version >= '3.9'" },
    { name = "sysv-ipc", marker = "platform_machine != 'mips' and sys_platform == 'linux'" },
    { name = "toml", marker = "python_full_version < '3.11'" },
]
sdist = { url = "https://files.pythonhosted.org/packages/a6/43/1addb059d8e589799571718f4c6f7456a3112681c9f92442939d06f67605/adafruit_blinka-9.1.0.tar.gz", hash = "sha256:6d17122358d5f9c4a550eae4f78207ac4c239662236bb37fc646b9f4166e3248", size = 929886, upload-time = "2026-04-21T18:29:55.987Z" }
wheels = [
    { url = "https://files.pythonhosted.org/packages/bb/97/17dac675981730d29b2d583de2aa0a9c2963d6c63f6bdc7eebf2711914ef/adafruit_blinka-9.1.0-py3-none-any.whl", hash = "sha256:6f617d4ebb7c2e14dfe1259c63f21df4a77d1b12d5efd92cf71ae4bf34d21b91", size = 1059892, upload-time = "2026-04-21T18:29:54.24Z" },
]

[[package]]
name = "adafruit-circuitpython-busdevice"
version = "5.1.5"
source = { registry = "https://pypi.org/simple" }
resolution-markers = [
    "python_full_version < '3.7'",
]
dependencies = [
    { name = "adafruit-blinka", version = "6.15.0", source = { registry = "https://pypi.org/simple" } },
]
sdist = { url = "https://files.pythonhosted.org/packages/59/18/6f995457c732698b2dc8a5968dd62b2b24d83ebbce1e12db2be4c0b0c6e7/adafruit-circuitpython-busdevice-5.1.5.tar.gz", hash = "sha256:9cb0a72cae19a14f8b7189f616daf9b443f86cbc3627ca5649a4f1d8793d489b", size = 28589, upload-time = "2022-02-15T20:33:22.28Z" }

[[package]]
name = "adafruit-circuitpython-busdevice"
version = "5.2.17"
source = { registry = "https://pypi.org/simple" }
resolution-markers = [
    "python_full_version >= '3.9'",
    "python_full_version == '3.8.*'",
    "python_full_version == '3.7.*'",
]
dependencies = [
    { name = "adafruit-blinka", version = "9.1.0", source = { registry = "https://pypi.org/simple" } },
    { name = "adafruit-circuitpython-typing", version = "1.10.1", source = { registry = "https://pypi.org/simple" }, marker = "python_full_version < '3.8'" },
    { name = "adafruit-circuitpython-typing", version = "1.12.3", source = { registry = "https://pypi.org/simple" }, marker = "python_full_version >= '3.8'" },
]
sdist = { url = "https://files.pythonhosted.org/packages/40/c0/f789bfc16d2e7eed23171f264b961ceb25314ba92d733be5bd47a4ecb23e/adafruit_circuitpython_busdevice-5.2.17.tar.gz", hash = "sha256:01887ba0056d3635536f0bf1e580a2969c67fc2c4c7b42a4093bcf7a3308bc9b", size = 24423, upload-time = "2026-04-23T21:18:13.438Z" }
wheels = [
    { url = "https://files.pythonhosted.org/packages/42/0d/66a4e0fbd7b35107f7dee04fed890f77b83d1da9dd1f7474af2ed21700ea/adafruit_circuitpython_busdevice-5.2.17-py3-none-any.whl", hash = "sha256:5a834fbe0b88b07d20494bec566815da154aa4b1b668e2e665277b34b3578e44", size = 7494, upload-time = "2026-04-23T21:18:12.284Z" },
]

[[package]]
name = "adafruit-circuitpython-connectionmanager"
version = "3.1.8"
source = { registry = "https://pypi.org/simple" }
dependencies = [
    { name = "adafruit-blinka", version = "6.15.0", source = { registry = "https://pypi.org/simple" }, marker = "python_full_version < '3.7'" },
    { name = "adafruit-blinka", version = "9.1.0", source = { registry = "https://pypi.org/simple" }, marker = "python_full_version >= '3.7'" },
]
sdist = { url = "https://files.pythonhosted.org/packages/a0/29/1653838bc0e5c6119fa2b03edb58b592a2475e7cf99810064a99e5eb8994/adafruit_circuitpython_connectionmanager-3.1.8.tar.gz", hash = "sha256:ce7436d62ac26312fbd2fc7d8f70ab0582a7c7807d7033ae5bd5cb53e4f66f3b", size = 33828, upload-time = "2026-04-23T21:18:42.138Z" }
wheels = [
    { url = "https://files.pythonhosted.org/packages/e4/43/929d17e5dbe0773e3a3c728b12cf1a777ada32639764b09365a1b56703c0/adafruit_circuitpython_connectionmanager-3.1.8-py3-none-any.whl", hash = "sha256:f93e27874a840f728b5cdbb1bcf0aee4e75ed1c0ba46b4562606ac3ac3ea2cca", size = 7755, upload-time = "2026-04-23T21:18:40.984Z" },
]

[[package]]
name = "adafruit-circuitpython-debouncer"
version = "2.0.15"
source = { registry = "https://pypi.org/simple" }
dependencies = [
    { name = "adafruit-blinka", version = "6.15.0", source = { registry = "https://pypi.org/simple" }, marker = "python_full_version < '3.7'" },
    { name = "adafruit-blinka", version = "9.1.0", source = { registry = "https://pypi.org/simple" }, marker = "python_full_version >= '3.7'" },
    { name = "adafruit-circuitpython-ticks" },
]
sdist = { url = "https://files.pythonhosted.org/packages/a0/6e/82f2aef6bd65e9a205715a8f62ccb72b95185dc40d42c03a93bb316b144c/adafruit_circuitpython_debouncer-2.0.15.tar.gz", hash = "sha256:e4706471d59377d379002a762c1316c0024e71e17b5380b980450f6623bc3a7c", size = 25638, upload-time = "2026-04-23T21:19:05.27Z" }
wheels = [
    { url = "https://files.pythonhosted.org/packages/47/ac/79bbe7e07e0d1ed8d493e787e9cf8e052e08d66b3834b397502a062e95a5/adafruit_circuitpython_debouncer-2.0.15-py3-none-any.whl", hash = "sha256:bc9d25243bd8e301db8176a4b30140a0b5f6036c6c2c07874456e26e6f27b95e", size = 5740, upload-time = "2026-04-23T21:19:04.374Z" },
]

[[package]]
name = "adafruit-circuitpython-hid"
version = "6.1.10"
source = { registry = "https://pypi.org/simple" }
dependencies = [
    { name = "adafruit-blinka", version = "6.15.0", source = { registry = "https://pypi.org/simple" }, marker = "python_full_version < '3.7'" },
    { name = "adafruit-blinka", version = "9.1.0", source = { registry = "https://pypi.org/simple" }, marker = "python_full_version >= '3.7'" },
]
sdist = { url = "https://files.pythonhosted.org/packages/39/67/db04ec984ce2900182911b0cfa397de3cc6954e6daa9c94f42cde55d925b/adafruit_circuitpython_hid-6.1.10.tar.gz", hash = "sha256:395d848d8cf933ed86c58aeea9acde43e31ce1b65033700259fffcb0ac136e22", size = 36925, upload-time = "2026-04-23T21:21:06.037Z" }
wheels = [
    { url = "https://files.pythonhosted.org/packages/c4/24/25cdd5fa2ca20c218ff747597fa2f33bc964e37af8fd0f505319fcf92d2e/adafruit_circuitpython_hid-6.1.10-py3-none-any.whl", hash = "sha256:e453bca47929ee0d705727d3a321b87b0b6e69723bb20803061371b4439fa198", size = 18482, upload-time = "2026-04-23T21:21:04.617Z" },
]

[[package]]
name = "adafruit-circuitpython-register"
version = "1.12.1"
source = { registry = "https://pypi.org/simple" }
dependencies = [
    { name = "adafruit-blinka", version = "6.15.0", source = { registry = "https://pypi.org/simple" }, marker = "python_full_version < '3.7'" },
    { name = "adafruit-blinka", version = "9.1.0", source = { registry = "https://pypi.org/simple" }, marker = "python_full_version >= '3.7'" },
    { name = "adafruit-circuitpython-busdevice", version = "5.1.5", source = { registry = "https://pypi.org/simple" }, marker = "python_full_version < '3.7'" },
    { name = "adafruit-circuitpython-busdevice", version = "5.2.17", source = { registry = "https://pypi.org/simple" }, marker = "python_full_version >= '3.7'" },
    { name = "adafruit-circuitpython-typing", version = "1.10.1", source = { registry = "https://pypi.org/simple" }, marker = "python_full_version < '3.8'" },
    { name = "adafruit-circuitpython-typing", version = "1.12.3", source = { registry = "https://pypi.org/simple" }, marker = "python_full_version >= '3.8'" },
    { name = "typing-extensions", version = "4.1.1", source = { registry = "https://pypi.org/simple" }, marker = "python_full_version < '3.7'" },
    { name = "typing-extensions", version = "4.7.1", source = { registry = "https://pypi.org/simple" }, marker = "python_full_version == '3.7.*'" },
    { name = "typing-extensions", version = "4.13.2", source = { registry = "https://pypi.org/simple" }, marker = "python_full_version == '3.8.*'" },
    { name = "typing-extensions", version = "4.16.0", source = { registry = "https://pypi.org/simple" }, marker = "python_full_version >= '3.9'" },
]
sdist = { url = "https://files.pythonhosted.org/packages/79/04/365a3791dd8a0de1b3740bfa5780e9b22201af9049ec185af1580800b313/adafruit_circuitpython_register-1.12.1.tar.gz", hash = "sha256:ed00f49d40fc7cb1b64dc2fefed2a8ca463cc728959e70718ed7152f6591734d", size = 32243, upload-time = "2026-07-28T14:02:15.344Z" }
wheels = [
    { url = "https://files.pythonhosted.org/packages/83/bc/dc89edcde35453e18fe107be75fc49afd07800c806b227a7ece7e7d053ac/adafruit_circuitpython_register-1.12.1-py3-none-any.whl", hash = "sha256:9b38d5c6e3571e3c4aad2bd483414f5835ebda737191f5fb35d2c6512541d971", size = 20326, upload-time = "2026-07-28T14:02:14.259Z" },
]

[[package]]
name = "adafruit-circuitpython-requests"
version = "4.1.17"
source = { registry = "https://pypi.org/simple" }
dependencies = [
    { name = "adafruit-blinka", version = "6.15.0", source = { registry = "https://pypi.org/simple" }, marker = "python_full_version < '3.7'" },
    { name = "adafruit-blinka", version = "9.1.0", source = { registry = "https://pypi.org/simple" }, marker = "python_full_version >= '3.7'" },
    { name = "adafruit-circuitpython-connectionmanager" },
]
sdist = { url = "https://files.pythonhosted.org/packages/bc/5c/cb31dd0a6e56a92bd9bf672539ba6102204bc443fe9af9a5f8e893b99169/adafruit_circuitpython_requests-4.1.17.tar.gz", hash = "sha256:7259976be340324d34da1ba6f4b935430b46ceece2e5c1632387a24e6f94e9a3", size = 67777, upload-time = "2026-04-23T21:24:48.423Z" }
wheels = [
    { url = "https://files.pythonhosted.org/packages/01/8c/15a2de09cc3c30793336cf79798948768611463ddfb2b2669f51569228fb/adafruit_circuitpython_requests-4.1.17-py3-none-any.whl", hash = "sha256:4c205188a052f52b3bb8ab4af97798d7d56ae3701857d31f03b164f029fae44f", size = 10841, upload-time = "2026-04-23T21:24:47.522Z" },
]

[[package]]
name = "adafruit-circuitpython-ticks"
version = "1.1.7"
source = { registry = "https://pypi.org/simple" }
dependencies = [
    { name = "adafruit-blinka", version = "6.15.0", source = { registry = "https://pypi.org/simple" }, marker = "python_full_version < '3.7'" },
    { name = "adafruit-blinka", version = "9.1.0", source = { registry = "https://pypi.org/simple" }, marker = "python_full_version >= '3.7'" },
]
sdist = { url = "https://files.pythonhosted.org/packages/3e/6c/29dd4dbc87991c322d3c3b4ef9a61ca83ce4187463bafa84290bb2c21660/adafruit_circuitpython_ticks-1.1.7.tar.gz", hash = "sha256:d7f2c0ddf7bcf22cc9579fe9cec8862c696030f3e9e9c68faa6afc2ec5cfd99f", size = 23264, upload-time = "2026-04-23T21:25:39.238Z" }
wheels = [
    { url = "https://files.pythonhosted.org/packages/93/65/31b38268343a4813c515352cd032293ba2782ac9d7c3c1a401a12aa009e1/adafruit_circuitpython_ticks-1.1.7-py3-none-any.whl", hash = "sha256:d6c28f766e40ff12b5791b63824244fa26a6abbd92af22c179c4dae7b54303c5", size = 5398, upload-time = "2026-04-23T21:25:38.392Z" },
]

[[package]]
name = "adafruit-circuitpython-typing"
version = "1.10.1"
source = { registry = "https://pypi.org/simple" }
resolution-markers = [
    "python_full_version == '3.7.*'",
    "python_full_version < '3.7'",
]
dependencies = [
    { name = "adafruit-blinka", version = "6.15.0", source = { registry = "https://pypi.org/simple" }, marker = "python_full_version != '3.7.*'" },
    { name = "adafruit-blinka", version = "9.1.0", source = { registry = "https://pypi.org/simple" }, marker = "python_full_version == '3.7.*'" },
    { name = "adafruit-circuitpython-busdevice", version = "5.1.5", source = { registry = "https://pypi.org/simple" }, marker = "python_full_version != '3.7.*'" },
    { name = "adafruit-circuitpython-busdevice", version = "5.2.17", source = { registry = "https://pypi.org/simple" }, marker = "python_full_version == '3.7.*'" },
    { name = "adafruit-circuitpython-requests" },
    { name = "typing-extensions", version = "4.1.1", source = { registry = "https://pypi.org/simple" }, marker = "python_full_version != '3.7.*'" },
    { name = "typing-extensions", version = "4.7.1", source = { registry = "https://pypi.org/simple" }, marker = "python_full_version == '3.7.*'" },
]
sdist = { url = "https://files.pythonhosted.org/packages/36/d9/8c20a684f16525cc2b18418ff4dbd6c0b74a8faa9b989fbdbcfe027dfd51/adafruit-circuitpython-typing-1.10.1.tar.gz", hash = "sha256:133230d5f61704637309623ab29811c120e13a2ff1923f3669a5d47b50efd17d", size = 29369, upload-time = "2024-02-13T18:46:14.993Z" }
wheels = [
    { url = "https://files.pythonhosted.org/packages/09/02/838b820e7aedff032a5d228128c670c4d8b22a603a404d142e2397a7eeea/adafruit_circuitpython_typing-1.10.1-py3-none-any.whl", hash = "sha256:7163f66050d0afc77953d9889680cb5d91b83a15a0302a051ad1682a892f55fe", size = 11221, upload-time = "2024-02-13T18:46:13.693Z" },
]

[[package]]
name = "adafruit-circuitpython-typing"
version = "1.12.3"
source = { registry = "https://pypi.org/simple" }
resolution-markers = [
    "python_full_version >= '3.9'",
    "python_full_version == '3.8.*'",
]
dependencies = [
    { name = "adafruit-blinka", version = "9.1.0", source = { registry = "https://pypi.org/simple" } },
    { name = "adafruit-circuitpython-busdevice", version = "5.2.17", source = { registry = "https://pypi.org/simple" } },
    { name = "adafruit-circuitpython-requests" },
    { name = "typing-extensions", version = "4.13.2", source = { registry = "https://pypi.org/simple" }, marker = "python_full_version < '3.9'" },
    { name = "typing-extensions", version = "4.16.0", source = { registry = "https://pypi.org/simple" }, marker = "python_full_version >= '3.9'" },
]
sdist = { url = "https://files.pythonhosted.org/packages/65/a2/40a3440aed2375371507af668570b68523ee01db9c25c47ce5a05883170e/adafruit_circuitpython_typing-1.12.3.tar.gz", hash = "sha256:63f196f834e47842bcd4cf8c37aaa0c61e1aeb5d07f056c875fc3016cda91a12", size = 25603, upload-time = "2025-10-27T18:17:38.56Z" }
wheels = [
    { url = "https://files.pythonhosted.org/packages/cc/a1/578a03ba2bce0809b4e30974b47958963c9efe67b9fe74e7dbcdbbd45318/adafruit_circuitpython_typing-1.12.3-py3-none-any.whl", hash = "sha256:f6d0a02150e1e4efb5a2c2945b88d948809fdb465875f39947108b8467c986d9", size = 11014, upload-time = "2025-10-27T18:17:37.771Z" },
]

[[package]]
name = "adafruit-platformdetect"
version = "3.89.1"
source = { registry = "https://pypi.org/simple" }
sdist = { url = "https://files.pythonhosted.org/packages/43/9b/96e46cb5eb2cf4119ff4bf0f840221704de29e2eed03976c4b291d483174/adafruit_platformdetect-3.89.1.tar.gz", hash = "sha256:74552d1afcf779a84ca63527a1eaee9995c429ff422db15492bad0c3599cab4b", size = 49753, upload-time = "2026-06-24T18:28:39.069Z" }
wheels = [
    { url = "https://files.pythonhosted.org/packages/ff/0b/193ac7ed72f1ecdf6d4817aab86157f9198ed22e5725f03b9945baad5389/adafruit_platformdetect-3.89.1-py3-none-any.whl", hash = "sha256:d13c206dc37e399cccda953be9b1d3709c549d05be484b1c2da8077043c0beab", size = 27108, upload-time = "2026-06-24T18:28:37.959Z" },
]

[[package]]
name = "adafruit-pureio"
version = "1.1.11"
source = { registry = "https://pypi.org/simple" }
sdist = { url = "https://files.pythonhosted.org/packages/e5/b7/f1672435116822079bbdab42163f9e6424769b7db778873d95d18c085230/Adafruit_PureIO-1.1.11.tar.gz", hash = "sha256:c4cfbb365731942d1f1092a116f47dfdae0aef18c5b27f1072b5824ad5ea8c7c", size = 35511, upload-time = "2023-05-25T19:01:34.654Z" }
wheels = [
    { url = "https://files.pythonhosted.org/packages/19/9d/28e9d12f36e13c5f2acba3098187b0e931290ecd1d8df924391b5ad2db19/Adafruit_PureIO-1.1.11-py3-none-any.whl", hash = "sha256:281ab2099372cc0decc26326918996cbf21b8eed694ec4764d51eefa029d324e", size = 10678, upload-time = "2023-05-25T19:01:32.397Z" },
]

[[package]]
name = "binho-host-adapter"
version = "0.1.6"
source = { registry = "https://pypi.org/simple" }
dependencies = [
    { name = "pyserial" },
]
sdist = { url = "https://files.pythonhosted.org/packages/68/36/29b7b896e83e195fac6d64ccff95c0f24a18ee86e7437a22e60e0331d90a/binho-host-adapter-0.1.6.tar.gz", hash = "sha256:1e6da7a84e208c13b5f489066f05774bff1d593d0f5bf1ca149c2b8e83eae856", size = 10068, upload-time = "2020-06-04T19:38:11.789Z" }
wheels = [
    { url = "https://files.pythonhosted.org/packages/7b/6b/0f13486003aea3eb349c2946b7ec9753e7558b78e35d22c938062a96959c/binho_host_adapter-0.1.6-py3-none-any.whl", hash = "sha256:f71ca176c1e2fc1a5dce128beb286da217555c6c7c805f2ed282a6f3507ec277", size = 10540, upload-time = "2020-06-04T19:38:10.612Z" },
]

[[package]]
name = "community-circuitpython-tca9555"
version = "0.2.2"
source = { registry = "https://pypi.org/simple" }
dependencies = [
    { name = "adafruit-blinka", version = "6.15.0", source = { registry = "https://pypi.org/simple" }, marker = "python_full_version < '3.7'" },
    { name = "adafruit-blinka", version = "9.1.0", source = { registry = "https://pypi.org/simple" }, marker = "python_full_version >= '3.7'" },
    { name = "adafruit-circuitpython-busdevice", version = "5.1.5", source = { registry = "https://pypi.org/simple" }, marker = "python_full_version < '3.7'" },
    { name = "adafruit-circuitpython-busdevice", version = "5.2.17", source = { registry = "https://pypi.org/simple" }, marker = "python_full_version >= '3.7'" },
    { name = "adafruit-circuitpython-register" },
]
sdist = { url = "https://files.pythonhosted.org/packages/c7/22/720dcf0c97c520e2e2806c2fe35cdba6f42bccf9977b5907b3ae19c85429/community-circuitpython-tca9555-0.2.2.tar.gz", hash = "sha256:eafe73ebec4037e0c7ecbab9bc343809bd7b2aa7aa4de880f15571f81ac3dd22", size = 31755, upload-time = "2021-07-02T22:05:26.815Z" }

[[package]]
name = "gamecraft-alt-controller-jam-board"
version = "0.1.0"
source = { editable = "." }
dependencies = [
    { name = "adafruit-circuitpython-debouncer" },
    { name = "adafruit-circuitpython-hid" },
    { name = "community-circuitpython-tca9555" },
]

[package.metadata]
requires-dist = [
    { name = "adafruit-circuitpython-debouncer", specifier = ">=2.0.15" },
    { name = "adafruit-circuitpython-hid", specifier = ">=6.0.1" },
    { name = "community-circuitpython-tca9555", specifier = ">=0.2.2" },
]

[[package]]
name = "pyftdi"
version = "0.53.3"
source = { registry = "https://pypi.org/simple" }
resolution-markers = [
    "python_full_version < '3.7'",
]
dependencies = [
    { name = "pyserial" },
    { name = "pyusb", version = "1.2.1", source = { registry = "https://pypi.org/simple" } },
]
sdist = { url = "https://files.pythonhosted.org/packages/22/d7/9398c699e355f0aaab6b5e0a02dab9f15c2c73913647fb74425c89bddbd5/pyftdi-0.53.3.tar.gz", hash = "sha256:4ef20c246bdb0f278d283337d7a6e69cf9bdb0ead525e7ad867d9e46ad26e613", size = 133930, upload-time = "2021-08-23T07:59:20.635Z" }
wheels = [
    { url = "https://files.pythonhosted.org/packages/e8/42/74fe01fe7533a58808b9f2a9a112b22ee39849c3ac3526f4f6e16ef56fb4/pyftdi-0.53.3-py3-none-any.whl", hash = "sha256:6e86880ec6d66389de643ca83de5d59fffea3bd334f492e12fab71a832f878a2", size = 141540, upload-time = "2021-08-23T07:59:19.183Z" },
]

[[package]]
name = "pyftdi"
version = "0.54.0"
source = { registry = "https://pypi.org/simple" }
resolution-markers = [
    "python_full_version == '3.7.*'",
]
dependencies = [
    { name = "pyserial" },
    { name = "pyusb", version = "1.2.1", source = { registry = "https://pypi.org/simple" } },
]
sdist = { url = "https://files.pythonhosted.org/packages/49/a3/6cd09c0493662b285b2ba87a08b1378a5b13e5cab44eb6a3f740c801c804/pyftdi-0.54.0.tar.gz", hash = "sha256:8df9af22077d17533d2f95b508b1d87959877627ea5dc2369056e90a3b5a232d", size = 137179, upload-time = "2022-03-13T21:48:49.791Z" }
wheels = [
    { url = "https://files.pythonhosted.org/packages/17/ce/a97811c3e7e2d5a9520b88801dcc70ac1b553ed31b9819b2fce14ffa9aa3/pyftdi-0.54.0-py3-none-any.whl", hash = "sha256:112f16ee5b2a2becb8f8df9dd40b3bba007589f34e7613024122d94bd56eb7d7", size = 144798, upload-time = "2022-03-13T21:48:47.482Z" },
]

[[package]]
name = "pyftdi"
version = "0.55.4"
source = { registry = "https://pypi.org/simple" }
resolution-markers = [
    "python_full_version == '3.8.*'",
]
dependencies = [
    { name = "pyserial" },
    { name = "pyusb", version = "1.2.1", source = { registry = "https://pypi.org/simple" } },
]
sdist = { url = "https://files.pythonhosted.org/packages/8f/b4/8578b8e4c1e69faa8297cb1e1fd0c86de03bb7eeb3e7cb63157e1e72abfb/pyftdi-0.55.4.tar.gz", hash = "sha256:cb2770b606507024a65e0a520bf892f239a36cec25cab45338ce3e3027de53c8", size = 137983, upload-time = "2024-04-10T08:02:17.951Z" }
wheels = [
    { url = "https://files.pythonhosted.org/packages/03/ef/1d6dd88ec0a3e6741f0b1f7561b30d6715ecbf3bae7b2777e74439f3fff3/pyftdi-0.55.4-py3-none-any.whl", hash = "sha256:64a804ea1c652e6935897df7867dbba18910848cad0a4927ccdb06813c072c85", size = 145632, upload-time = "2024-04-10T08:02:15.672Z" },
]

[[package]]
name = "pyftdi"
version = "0.57.2"
source = { registry = "https://pypi.org/simple" }
resolution-markers = [
    "python_full_version >= '3.9'",
]
dependencies = [
    { name = "pyserial" },
    { name = "pyusb", version = "1.3.1", source = { registry = "https://pypi.org/simple" } },
]
wheels = [
    { url = "https://files.pythonhosted.org/packages/7b/de/260694fa63dab6629c6ba7c2315de64dbd766eb761198b61fba96cbe7ea4/pyftdi-0.57.2-py3-none-any.whl", hash = "sha256:dec3acdc262594d8b1850a6aee608b861c2973f90011faf5cccae3107d3c67a4", size = 146319, upload-time = "2026-06-02T16:14:37.818Z" },
]

[[package]]
name = "pyserial"
version = "3.5"
source = { registry = "https://pypi.org/simple" }
sdist = { url = "https://files.pythonhosted.org/packages/1e/7d/ae3f0a63f41e4d2f6cb66a5b57197850f919f59e558159a4dd3a818f5082/pyserial-3.5.tar.gz", hash = "sha256:3c77e014170dfffbd816e6ffc205e9842efb10be9f58ec16d3e8675b4925cddb", size = 159125, upload-time = "2020-11-23T03:59:15.045Z" }
wheels = [
    { url = "https://files.pythonhosted.org/packages/07/bc/587a445451b253b285629263eb51c2d8e9bcea4fc97826266d186f96f558/pyserial-3.5-py2.py3-none-any.whl", hash = "sha256:c4451db6ba391ca6ca299fb3ec7bae67a5c55dde170964c7a14ceefec02f2cf0", size = 90585, upload-time = "2020-11-23T03:59:13.41Z" },
]

[[package]]
name = "pyusb"
version = "1.2.1"
source = { registry = "https://pypi.org/simple" }
resolution-markers = [
    "python_full_version == '3.8.*'",
    "python_full_version == '3.7.*'",
    "python_full_version < '3.7'",
]
sdist = { url = "https://files.pythonhosted.org/packages/d9/6e/433a5614132576289b8643fe598dd5d51b16e130fd591564be952e15bb45/pyusb-1.2.1.tar.gz", hash = "sha256:a4cc7404a203144754164b8b40994e2849fde1cfff06b08492f12fff9d9de7b9", size = 75292, upload-time = "2021-07-09T02:58:46.962Z" }
wheels = [
    { url = "https://files.pythonhosted.org/packages/15/a8/4982498b2ab44d1fcd5c49f07ea3795eab01601dc143b009d333fcace3b9/pyusb-1.2.1-py3-none-any.whl", hash = "sha256:2b4c7cb86dbadf044dfb9d3a4ff69fd217013dbe78a792177a3feb172449ea36", size = 58439, upload-time = "2021-07-09T02:58:44.894Z" },
]

[[package]]
name = "pyusb"
version = "1.3.1"
source = { registry = "https://pypi.org/simple" }
resolution-markers = [
    "python_full_version >= '3.9'",
]
sdist = { url = "https://files.pythonhosted.org/packages/00/6b/ce3727395e52b7b76dfcf0c665e37d223b680b9becc60710d4bc08b7b7cb/pyusb-1.3.1.tar.gz", hash = "sha256:3af070b607467c1c164f49d5b0caabe8ac78dbed9298d703a8dbf9df4052d17e", size = 77281, upload-time = "2025-01-08T23:45:01.866Z" }
wheels = [
    { url = "https://files.pythonhosted.org/packages/28/b8/27e6312e86408a44fe16bd28ee12dd98608b39f7e7e57884a24e8f29b573/pyusb-1.3.1-py3-none-any.whl", hash = "sha256:bf9b754557af4717fe80c2b07cc2b923a9151f5c08d17bdb5345dac09d6a0430", size = 58465, upload-time = "2025-01-08T23:45:00.029Z" },
]

[[package]]
name = "sysv-ipc"
version = "1.2.0"
source = { registry = "https://pypi.org/simple" }
sdist = { url = "https://files.pythonhosted.org/packages/f2/5e/59208c6dd05ebc6f46ce2023c4fc01ffe814a1967d21b35d312c7e6ffeae/sysv_ipc-1.2.0.tar.gz", hash = "sha256:ef96ab33bb62e4d14142f0be0524dcc0c3c70c96442df2fc773c67b7c7514199", size = 102810, upload-time = "2026-01-09T14:05:02.231Z" }
wheels = [
    { url = "https://files.pythonhosted.org/packages/06/a7/5a3705f9564d1f5a9bb946bcca9d249e7b3d4c684d16615413942d0a5ba7/sysv_ipc-1.2.0-cp310-cp310-manylinux2014_aarch64.manylinux_2_17_aarch64.manylinux_2_28_aarch64.whl", hash = "sha256:a24b1b4034f009d32c5d00a5203ed59bab73a91e5a91ffdb14dd3a7df263611e", size = 70900, upload-time = "2026-01-09T14:04:10.289Z" },
    { url = "https://files.pythonhosted.org/packages/ad/de/644d8e78a06ba567031f4e8d1440f9f2214ba1c8f12f600a0cf858cb0bdf/sysv_ipc-1.2.0-cp310-cp310-manylinux2014_x86_64.manylinux_2_17_x86_64.manylinux_2_28_x86_64.whl", hash = "sha256:01a84fb7bdc978d090d88503ea8ccb5ce17b25e615b848d6d5b93fcf4c15bff7", size = 71703, upload-time = "2026-01-09T14:04:11.416Z" },
    { url = "https://files.pythonhosted.org/packages/5e/46/a8d2f9dee84e12c6e9338a08ea79ccc5ccff6b93cd746208f7c1ec8fc9f3/sysv_ipc-1.2.0-cp310-cp310-musllinux_1_2_aarch64.whl", hash = "sha256:4da021188cb38fd4427650ad402cc4a53bf2915db655e07593414dd71fd98cb8", size = 69546, upload-time = "2026-01-09T14:04:13.05Z" },
    { url = "https://files.pythonhosted.org/packages/2e/d5/943285f3012d4d13565b16e8b5f6535fb22947b87f7364d14edad56cdfb8/sysv_ipc-1.2.0-cp310-cp310-musllinux_1_2_x86_64.whl", hash = "sha256:96ea95a1915965356a799ba60fc8b7093bf08c3b96637f324ce829b042a763b1", size = 69715, upload-time = "2026-01-09T14:04:13.869Z" },
    { url = "https://files.pythonhosted.org/packages/69/bb/fc8598eae00697586a4a60684e61f402ee1ed189bbacf137ac87ba661655/sysv_ipc-1.2.0-cp311-cp311-manylinux2014_aarch64.manylinux_2_17_aarch64.manylinux_2_28_aarch64.whl", hash = "sha256:d2137e9711b672d04285a544703a323a6b9cde77e113041b1b142e89aa7e1455", size = 73502, upload-time = "2026-01-09T14:04:17.456Z" },
    { url = "https://files.pythonhosted.org/packages/4b/39/f0934017b66ba178d7cb6e830ef122c8fe908c1178b70485c0a4b6f12baa/sysv_ipc-1.2.0-cp311-cp311-manylinux2014_x86_64.manylinux_2_17_x86_64.manylinux_2_28_x86_64.whl", hash = "sha256:6128b3f6bc3e5e4027e80d58e8d34e6c2c027453bf3a831c72f5e6e3a786bd0b", size = 74424, upload-time = "2026-01-09T14:04:18.685Z" },
    { url = "https://files.pythonhosted.org/packages/42/92/50341228685ddd2b7dc7416f91c7dbba9841c4d40fe6779543e063d08970/sysv_ipc-1.2.0-cp311-cp311-musllinux_1_2_aarch64.whl", hash = "sha256:ea90985a7763c1788e72f4b8b75e64e87d215274534933f03e6afdb3079a66d9", size = 71763, upload-time = "2026-01-09T14:04:19.506Z" },
    { url = "https://files.pythonhosted.org/packages/22/df/a7a32863e8fc96e673d2a6beb68b862e5c9e0927b13d55973b18cdcedde6/sysv_ipc-1.2.0-cp311-cp311-musllinux_1_2_x86_64.whl", hash = "sha256:ada5b425f6f8b98784882b8406bbbdb7f3e2d6613b57c7ceaa97f9dc402c9640", size = 71940, upload-time = "2026-01-09T14:04:20.53Z" },
    { url = "https://files.pythonhosted.org/packages/e7/98/b35eba27297a886931d69352c171cfd53ea9b4a9097d282f80556046bc39/sysv_ipc-1.2.0-cp312-cp312-manylinux2014_aarch64.manylinux_2_17_aarch64.manylinux_2_28_aarch64.whl", hash = "sha256:eb8cea6b912b467083941032f4b38269d86d1ec8f2dec0ca39694fedf6fd9acd", size = 72257, upload-time = "2026-01-09T14:04:23.289Z" },
    { url = "https://files.pythonhosted.org/packages/5d/6f/906724d4ca94cc5c0a6c419ed0ec2a0b64b41de6771590ebf9db59cc97db/sysv_ipc-1.2.0-cp312-cp312-manylinux2014_x86_64.manylinux_2_17_x86_64.manylinux_2_28_x86_64.whl", hash = "sha256:48865de17c9354a6c7740c47dc4d13f409afe43e4fc350b56df3ca5c10c1462d", size = 73309, upload-time = "2026-01-09T14:04:24.421Z" },
    { url = "https://files.pythonhosted.org/packages/ea/3a/818d7634f31484e35ffee1b018287a0007e24a98709d06ecc544e7c7cba8/sysv_ipc-1.2.0-cp312-cp312-musllinux_1_2_aarch64.whl", hash = "sha256:f69c30545a3280b4b7f2057fd3aedb7044e45894314752241802e697a00b5413", size = 70955, upload-time = "2026-01-09T14:04:25.172Z" },
    { url = "https://files.pythonhosted.org/packages/1b/80/e3881c84573206563191d8c13711382dc22bf54a7ae4d09d099271cf3703/sysv_ipc-1.2.0-cp312-cp312-musllinux_1_2_x86_64.whl", hash = "sha256:a000180848b59508bd862215998ee70c4cd4cd3081b0b066068e9287645cda35", size = 71223, upload-time = "2026-01-09T14:04:26.061Z" },
    { url = "https://files.pythonhosted.org/packages/a2/2d/2e4f55201cca54666c08468538348be4af16a52c7296bdd038a303e7be9f/sysv_ipc-1.2.0-cp313-cp313-manylinux2014_aarch64.manylinux_2_17_aarch64.manylinux_2_28_aarch64.whl", hash = "sha256:977f0e313c2e663000f0c316682ea2c3f6d2f86bbbdb1bcd274fea244a211df0", size = 72727, upload-time = "2026-01-09T14:04:28.317Z" },
    { url = "https://files.pythonhosted.org/packages/d0/6a/e04914984503317dd2481d6ff5fa9ab85e70960b79514309b0bcb0ef08d8/sysv_ipc-1.2.0-cp313-cp313-manylinux2014_x86_64.manylinux_2_17_x86_64.manylinux_2_28_x86_64.whl", hash = "sha256:f0b40e147277a954c41f94207dfab402bfa8371198c191b826d833b40c5e83e9", size = 73643, upload-time = "2026-01-09T14:04:29.234Z" },
    { url = "https://files.pythonhosted.org/packages/54/46/6f9aacbbf4c71ddce08f645bd67fa4223573a3191fd938acc926ca2b94c4/sysv_ipc-1.2.0-cp313-cp313-musllinux_1_2_aarch64.whl", hash = "sha256:83ff789f67477dc09424f674e1eb9195d8edd9b4044c3d5833d1a252d49034fc", size = 71319, upload-time = "2026-01-09T14:04:30.059Z" },
    { url = "https://files.pythonhosted.org/packages/34/21/0127cb9ecbc281c5b5a79d4be7a61e2d35442f72baaa1594e089dbe9206a/sysv_ipc-1.2.0-cp313-cp313-musllinux_1_2_x86_64.whl", hash = "sha256:fc541299c3af8351abff804e287a0c203338c140f70ee70855f46a1710cc0ff7", size = 71575, upload-time = "2026-01-09T14:04:32.011Z" },
    { url = "https://files.pythonhosted.org/packages/e4/a5/1d0f4a95ba040987266af995eb973f2d469fa61452cc925a8ff95401927f/sysv_ipc-1.2.0-cp314-cp314-manylinux2014_aarch64.manylinux_2_17_aarch64.manylinux_2_28_aarch64.whl", hash = "sha256:7dcdda15a2ead282545d007bd4fb5bfff844d2ac2b2f4a2b52ddcb2a38953968", size = 73168, upload-time = "2026-01-09T14:04:35.49Z" },
    { url = "https://files.pythonhosted.org/packages/8e/7a/25d2a8a7bde7165a0260d06e83a57ecfe8668802f31ffea47620cfcb56eb/sysv_ipc-1.2.0-cp314-cp314-manylinux2014_x86_64.manylinux_2_17_x86_64.manylinux_2_28_x86_64.whl", hash = "sha256:9c5bf97ac00370159973c17a29224ae6f277757cee704abd61be1ce5bfaf78b0", size = 74039, upload-time = "2026-01-09T14:04:36.709Z" },
    { url = "https://files.pythonhosted.org/packages/8f/77/2be88d40d24a780f56ca74ff01802f8cb548a1def4c50da7094720fcd41c/sysv_ipc-1.2.0-cp314-cp314-musllinux_1_2_aarch64.whl", hash = "sha256:201e18f6f32bd6542e0886668699c16ddcdcc37105b2643c2c50a044f22e437f", size = 72237, upload-time = "2026-01-09T14:04:37.729Z" },
    { url = "https://files.pythonhosted.org/packages/2f/04/b7657691f0274bd22fb66fc772e567c78dffb96f6943cbb16352e20b55a1/sysv_ipc-1.2.0-cp314-cp314-musllinux_1_2_x86_64.whl", hash = "sha256:4daecc8fae2a6335ed56095d19a3bda96e551ea78781cd53abda94cfe37b6cfe", size = 72400, upload-time = "2026-01-09T14:04:38.55Z" },
    { url = "https://files.pythonhosted.org/packages/cc/61/ff85f043f507d4d9d5a84411dfd18f8f896dc3f77d29f5f4f6ee1d48ec9c/sysv_ipc-1.2.0-cp314-cp314t-manylinux2014_aarch64.manylinux_2_17_aarch64.manylinux_2_28_aarch64.whl", hash = "sha256:17f8b31c09ed94d0fa95d64720426344e2ae5a06691a8f076ef3909145877958", size = 76984, upload-time = "2026-01-09T14:04:41.32Z" },
    { url = "https://files.pythonhosted.org/packages/ff/39/02d900a035c674c6e4edb263ea0061c0fa8389ad9a2270150dc2a1fee476/sysv_ipc-1.2.0-cp314-cp314t-manylinux2014_x86_64.manylinux_2_17_x86_64.manylinux_2_28_x86_64.whl", hash = "sha256:acd083316d0c5b2e7fb5b7a5db6ad8fb2400ea4ca3d1813692acd93656a51f79", size = 77179, upload-time = "2026-01-09T14:04:42.65Z" },
    { url = "https://files.pythonhosted.org/packages/46/5a/d269d9aca6f2eda908c58a244488bcca751004c8f954742fd8aadf2e0a6d/sysv_ipc-1.2.0-cp314-cp314t-musllinux_1_2_aarch64.whl", hash = "sha256:3eb7b8f8b577ec0fbde890f86c6f9dc365f3012b02e4e275a350427621df80ad", size = 75959, upload-time = "2026-01-09T14:04:43.569Z" },
    { url = "https://files.pythonhosted.org/packages/8d/13/a49595e0056dc607e7530b946c7b62f11ec514822c40d54d94287e534e9d/sysv_ipc-1.2.0-cp314-cp314t-musllinux_1_2_x86_64.whl", hash = "sha256:a65e64577082b109d49bd68db8facb6f3a08ddbbde4b76c87b1246490922ef2a", size = 75679, upload-time = "2026-01-09T14:04:44.4Z" },
    { url = "https://files.pythonhosted.org/packages/18/10/83cb8c3bf5c9df3e1e60298f6413110a21afcbddfc88dbae4ea8b6401ca3/sysv_ipc-1.2.0-cp38-cp38-manylinux2014_aarch64.manylinux_2_17_aarch64.manylinux_2_28_aarch64.whl", hash = "sha256:2f5e4a877fec01757f2b0d26b232cd0ab12b8fb0ddc07f2796fe5eea157017ec", size = 69935, upload-time = "2026-01-09T14:04:47.151Z" },
    { url = "https://files.pythonhosted.org/packages/71/0a/43ec1c67a015f8d0293efd12f8df56fb66b5e5fd8b1128038422c4bbdc18/sysv_ipc-1.2.0-cp38-cp38-manylinux2014_x86_64.manylinux_2_17_x86_64.manylinux_2_28_x86_64.whl", hash = "sha256:6477d2d12caa289baf18bcc5f3c509a91f649d7ea3e6f1e4730faf5b3c52a64b", size = 70845, upload-time = "2026-01-09T14:04:47.972Z" },
    { url = "https://files.pythonhosted.org/packages/96/5c/8ade13e359ca6317284253e7e4d20529b12c0b370a63bdab338e93b60695/sysv_ipc-1.2.0-cp38-cp38-musllinux_1_2_aarch64.whl", hash = "sha256:284d50695ac126b20a3e06cec27e19dc5a09953aa94a20bf5d62d8c45f9b475e", size = 67611, upload-time = "2026-01-09T14:04:49.603Z" },
    { url = "https://files.pythonhosted.org/packages/3e/c1/51ac56e1e97c7163422013f63e3f86ccc4fd08238eded29ab6ddaff02c4a/sysv_ipc-1.2.0-cp38-cp38-musllinux_1_2_x86_64.whl", hash = "sha256:64979ba6c6f86e22c1bc125b1c73a20d397918a73a4fd0ff02da392427561a7c", size = 67944, upload-time = "2026-01-09T14:04:50.629Z" },
    { url = "https://files.pythonhosted.org/packages/06/37/578c9d68e61c5727fcf3e62cc32b62a7d803f53e334baaa99e7662d2d263/sysv_ipc-1.2.0-cp39-cp39-manylinux2014_aarch64.manylinux_2_17_aarch64.manylinux_2_28_aarch64.whl", hash = "sha256:7d7956eb0581387e102aee501ab779d5ad81b05944bccb6f158e29bb2fc9fcef", size = 70055, upload-time = "2026-01-09T14:04:54Z" },
    { url = "https://files.pythonhosted.org/packages/86/57/c4850c2ca8548ac567f67dccb6163bc34cc8a09745a6a06bbde6ce605bc1/sysv_ipc-1.2.0-cp39-cp39-manylinux2014_x86_64.manylinux_2_17_x86_64.manylinux_2_28_x86_64.whl", hash = "sha256:6daf884d30df8a1803fff0eb0541bc01824abbe9cfaac9841cf5663dea5f545c", size = 70917, upload-time = "2026-01-09T14:04:55.138Z" },
    { url = "https://files.pythonhosted.org/packages/5f/7d/9d34220a8367c6c968fa4606491231781c3b651aed32b30f5c80f24a4f8e/sysv_ipc-1.2.0-cp39-cp39-musllinux_1_2_aarch64.whl", hash = "sha256:3a0c1946667bfb1d79c64bb90af17c26a27808ffd9af69b6669e6bd1eb15ff73", size = 68405, upload-time = "2026-01-09T14:04:56.775Z" },
    { url = "https://files.pythonhosted.org/packages/b9/47/717ebb1a363958cf9c33028bb93f92b777041a45508cfde8832f0ebeb065/sysv_ipc-1.2.0-cp39-cp39-musllinux_1_2_x86_64.whl", hash = "sha256:e93f2b05690dd2bffdb20f598b1f5ed61565d5450a9c51c8206fdb015e06d83b", size = 68387, upload-time = "2026-01-09T14:04:57.802Z" },
    { url = "https://files.pythonhosted.org/packages/82/89/6ab21a4568e65630385a715a8c8f9019e1a21cf1d57ba3e7358c62d14d63/sysv_ipc-1.2.0-pp311-pypy311_pp73-manylinux2014_aarch64.manylinux_2_17_aarch64.manylinux_2_28_aarch64.whl", hash = "sha256:966f685dd9dc5c5862edada5fc8de70dc5f5659a89c0698366431a81931179a9", size = 25207, upload-time = "2026-01-09T14:05:00.635Z" },
    { url = "https://files.pythonhosted.org/packages/f3/df/a6f6a945a69ad796c7de91e489aeecb6a9b6d3437f8c927f3ad3194d9cc5/sysv_ipc-1.2.0-pp311-pypy311_pp73-manylinux2014_x86_64.manylinux_2_17_x86_64.manylinux_2_28_x86_64.whl", hash = "sha256:ae2d070b842bb4558aeb6aec7249ec7f08d00d8252e37da24cccab8057efeb29", size = 25011, upload-time = "2026-01-09T14:05:01.459Z" },
]

[[package]]
name = "toml"
version = "0.10.2"
source = { registry = "https://pypi.org/simple" }
sdist = { url = "https://files.pythonhosted.org/packages/be/ba/1f744cdc819428fc6b5084ec34d9b30660f6f9daaf70eead706e3203ec3c/toml-0.10.2.tar.gz", hash = "sha256:b3bda1d108d5dd99f4a20d24d9c348e91c4db7ab1b749200bded2f839ccbe68f", size = 22253, upload-time = "2020-11-01T01:40:22.204Z" }
wheels = [
    { url = "https://files.pythonhosted.org/packages/44/6f/7120676b6d73228c96e17f1f794d8ab046fc910d781c8d151120c3f1569e/toml-0.10.2-py2.py3-none-any.whl", hash = "sha256:806143ae5bfb6a3c6e736a764057db0e6a0e05e338b5630894a5f779cabb4f9b", size = 16588, upload-time = "2020-11-01T01:40:20.672Z" },
]

[[package]]
name = "typing-extensions"
version = "4.1.1"
source = { registry = "https://pypi.org/simple" }
resolution-markers = [
    "python_full_version < '3.7'",
]
sdist = { url = "https://files.pythonhosted.org/packages/b1/5a/8b5fbb891ef3f81fc923bf3cb4a578c0abf9471eb50ce0f51c74212182ab/typing_extensions-4.1.1.tar.gz", hash = "sha256:1a9462dcc3347a79b1f1c0271fbe79e844580bb598bafa1ed208b94da3cdcd42", size = 26694, upload-time = "2022-02-14T03:19:57.426Z" }
wheels = [
    { url = "https://files.pythonhosted.org/packages/45/6b/44f7f8f1e110027cf88956b59f2fad776cca7e1704396d043f89effd3a0e/typing_extensions-4.1.1-py3-none-any.whl", hash = "sha256:21c85e0fe4b9a155d0799430b0ad741cdce7e359660ccbd8b530613e8df88ce2", size = 26844, upload-time = "2022-02-14T03:19:55.773Z" },
]

[[package]]
name = "typing-extensions"
version = "4.7.1"
source = { registry = "https://pypi.org/simple" }
resolution-markers = [
    "python_full_version == '3.7.*'",
]
sdist = { url = "https://files.pythonhosted.org/packages/3c/8b/0111dd7d6c1478bf83baa1cab85c686426c7a6274119aceb2bd9d35395ad/typing_extensions-4.7.1.tar.gz", hash = "sha256:b75ddc264f0ba5615db7ba217daeb99701ad295353c45f9e95963337ceeeffb2", size = 72876, upload-time = "2023-07-02T14:20:55.045Z" }
wheels = [
    { url = "https://files.pythonhosted.org/packages/ec/6b/63cc3df74987c36fe26157ee12e09e8f9db4de771e0f3404263117e75b95/typing_extensions-4.7.1-py3-none-any.whl", hash = "sha256:440d5dd3af93b060174bf433bccd69b0babc3b15b1a8dca43789fd7f61514b36", size = 33232, upload-time = "2023-07-02T14:20:53.275Z" },
]

[[package]]
name = "typing-extensions"
version = "4.13.2"
source = { registry = "https://pypi.org/simple" }
resolution-markers = [
    "python_full_version == '3.8.*'",
]
sdist = { url = "https://files.pythonhosted.org/packages/f6/37/23083fcd6e35492953e8d2aaaa68b860eb422b34627b13f2ce3eb6106061/typing_extensions-4.13.2.tar.gz", hash = "sha256:e6c81219bd689f51865d9e372991c540bda33a0379d5573cddb9a3a23f7caaef", size = 106967, upload-time = "2025-04-10T14:19:05.416Z" }
wheels = [
    { url = "https://files.pythonhosted.org/packages/8b/54/b1ae86c0973cc6f0210b53d508ca3641fb6d0c56823f288d108bc7ab3cc8/typing_extensions-4.13.2-py3-none-any.whl", hash = "sha256:a439e7c04b49fec3e5d3e2beaa21755cadbbdc391694e28ccdd36ca4a1408f8c", size = 45806, upload-time = "2025-04-10T14:19:03.967Z" },
]

[[package]]
name = "typing-extensions"
version = "4.16.0"
source = { registry = "https://pypi.org/simple" }
resolution-markers = [
    "python_full_version >= '3.9'",
]
sdist = { url = "https://files.pythonhosted.org/packages/f6/cc/6253133b5bb138fc3306cebfbda2c520f545d36b5be2c7255cc528bb45d6/typing_extensions-4.16.0.tar.gz", hash = "sha256:dc983d19a509c94dba722ee6abd33940f7c05a89e243c47e907eb4db6f1a43e5", size = 113555, upload-time = "2026-07-02T08:40:05.92Z" }
wheels = [
    { url = "https://files.pythonhosted.org/packages/49/d3/b8441a820a491ddfc024b0b0cf0393375b75ea13866d9c66727e54c2fc80/typing_extensions-4.16.0-py3-none-any.whl", hash = "sha256:481caa481374e813c1b176ada14e97f1f67a4539ce9cfeb3f350d78d6370c2e8", size = 45571, upload-time = "2026-07-02T08:40:04.659Z" },
]
